{
  "name": "front-thought",
  "lockfileVersion": 3,
  "requires": true,
  "packages": {
    "": {
      "name": "front-thought",
      "dependencies": {
        "svgaplayer-weapp": "1.0.0"
      }
    },
    "node_modules/svgaplayer-weapp": {
      "version": "1.0.0",
      "resolved": "https://registry.npmmirror.com/svgaplayer-weapp/-/svgaplayer-weapp-1.0.0.tgz",
      "integrity": "sha512-zH3y9rBHcvoRVsKwuuiRQkOP0cPeyFMxz9NJQZF+uvqwH7uO/LKLS0vEvjrRh2WhfynoXWsxxSTzWpc4Ix2cJw==",
      "license": "ISC"
    }
  }
}
